
Microsoft Visual Studio Solution File, Format Version 12.00
Project("{FAE04EC0-301F-11D3-BF4B-00C04F79EFBC}") = "BurdUI-old", "BurdUI-old\BurdUI-old.csproj", "{53011106-49B9-4C67-87CF-5ABB1452CAC9}"
EndProject
Project("{FAE04EC0-301F-11D3-BF4B-00C04F79EFBC}") = "BurdUIAvaloniaTest", "AvaloniaApplication1\BurdUIAvaloniaTest\BurdUIAvaloniaTest.csproj", "{B7A72309-ED29-40EB-AE70-0E1CFA6583E9}"
EndProject
Project("{FAE04EC0-301F-11D3-BF4B-00C04F79EFBC}") = "BurdUIAvaloniaTest.Desktop", "AvaloniaApplication1\BurdUIAvaloniaTest.Desktop\BurdUIAvaloniaTest.Desktop.csproj", "{7391E723-F174-4491-AF93-74720E979E72}"
EndProject
Project("{FAE04EC0-301F-11D3-BF4B-00C04F79EFBC}") = "BurdUI", "BurdUI\BurdUI.csproj", "{2F418D88-AF39-4448-B393-15448DF89496}"
EndProject
Project("{FAE04EC0-301F-11D3-BF4B-00C04F79EFBC}") = "CSharpRecapCross", "CSharpRecapCross\CSharpRecapCross.csproj", "{793EABA7-4CDB-4024-8282-D9E71ED86A6B}"
EndProject
Global
	GlobalSection(SolutionConfigurationPlatforms) = preSolution
		Debug|Any CPU = Debug|Any CPU
		Release|Any CPU = Release|Any CPU
	EndGlobalSection
	GlobalSection(ProjectConfigurationPlatforms) = postSolution
		{53011106-49B9-4C67-87CF-5ABB1452CAC9}.Debug|Any CPU.ActiveCfg = Debug|Any CPU
		{53011106-49B9-4C67-87CF-5ABB1452CAC9}.Debug|Any CPU.Build.0 = Debug|Any CPU
		{53011106-49B9-4C67-87CF-5ABB1452CAC9}.Release|Any CPU.ActiveCfg = Release|Any CPU
		{53011106-49B9-4C67-87CF-5ABB1452CAC9}.Release|Any CPU.Build.0 = Release|Any CPU
		{B7A72309-ED29-40EB-AE70-0E1CFA6583E9}.Debug|Any CPU.ActiveCfg = Debug|Any CPU
		{B7A72309-ED29-40EB-AE70-0E1CFA6583E9}.Debug|Any CPU.Build.0 = Debug|Any CPU
		{B7A72309-ED29-40EB-AE70-0E1CFA6583E9}.Release|Any CPU.ActiveCfg = Release|Any CPU
		{B7A72309-ED29-40EB-AE70-0E1CFA6583E9}.Release|Any CPU.Build.0 = Release|Any CPU
		{7391E723-F174-4491-AF93-74720E979E72}.Debug|Any CPU.ActiveCfg = Debug|Any CPU
		{7391E723-F174-4491-AF93-74720E979E72}.Debug|Any CPU.Build.0 = Debug|Any CPU
		{7391E723-F174-4491-AF93-74720E979E72}.Release|Any CPU.ActiveCfg = Release|Any CPU
		{7391E723-F174-4491-AF93-74720E979E72}.Release|Any CPU.Build.0 = Release|Any CPU
		{2F418D88-AF39-4448-B393-15448DF89496}.Debug|Any CPU.ActiveCfg = Debug|Any CPU
		{2F418D88-AF39-4448-B393-15448DF89496}.Debug|Any CPU.Build.0 = Debug|Any CPU
		{2F418D88-AF39-4448-B393-15448DF89496}.Release|Any CPU.ActiveCfg = Release|Any CPU
		{2F418D88-AF39-4448-B393-15448DF89496}.Release|Any CPU.Build.0 = Release|Any CPU
		{793EABA7-4CDB-4024-8282-D9E71ED86A6B}.Debug|Any CPU.ActiveCfg = Debug|Any CPU
		{793EABA7-4CDB-4024-8282-D9E71ED86A6B}.Debug|Any CPU.Build.0 = Debug|Any CPU
		{793EABA7-4CDB-4024-8282-D9E71ED86A6B}.Release|Any CPU.ActiveCfg = Release|Any CPU
		{793EABA7-4CDB-4024-8282-D9E71ED86A6B}.Release|Any CPU.Build.0 = Release|Any CPU
	EndGlobalSection
EndGlobal
